
Microsoft Visual Studio Solution File, Format Version 12.00
# Visual Studio Version 17
VisualStudioVersion = 17.11.35312.102
MinimumVisualStudioVersion = 10.0.40219.1
Project("{FAE04EC0-301F-11D3-BF4B-00C04F79EFBC}") = "LV1", "LV1\LV1.csproj", "{06E2848F-CBDD-4923-89EC-FC1D6C78B07E}"
EndProject
Global
	GlobalSection(SolutionConfigurationPlatforms) = preSolution
		Debug|Any CPU = Debug|Any CPU
		Release|Any CPU = Release|Any CPU
	EndGlobalSection
	GlobalSection(ProjectConfigurationPlatforms) = postSolution
		{06E2848F-CBDD-4923-89EC-FC1D6C78B07E}.Debug|Any CPU.ActiveCfg = Debug|Any CPU
		{06E2848F-CBDD-4923-89EC-FC1D6C78B07E}.Debug|Any CPU.Build.0 = Debug|Any CPU
		{06E2848F-CBDD-4923-89EC-FC1D6C78B07E}.Release|Any CPU.ActiveCfg = Release|Any CPU
		{06E2848F-CBDD-4923-89EC-FC1D6C78B07E}.Release|Any CPU.Build.0 = Release|Any CPU
	EndGlobalSection
	GlobalSection(SolutionProperties) = preSolution
		HideSolutionNode = FALSE
	EndGlobalSection
	GlobalSection(ExtensibilityGlobals) = postSolution
		SolutionGuid = {4CCD6654-8461-4707-9C1B-AF50EED89657}
	EndGlobalSection
EndGlobal
